Microsoft Visual Studio Solution File, Format Version 12.00
# Visual Studio Version 16
VisualStudioVersion = 16.6.30114.105
MinimumVisualStudioVersion = 10.0.40219.1
Project("{FAE04EC0-301F-11D3-BF4B-00C04F79EFBC}") = "ProPendencia.Api", "ProPendencia.Api\ProPendencia.Api.csproj", "{B9913C8F-B652-4D1F-B9A1-54884791F237}"
EndProject
Project("{FAE04EC0-301F-11D3-BF4B-00C04F79EFBC}") = "ProPendencia.Test", "ProPendencia.Test\ProPendencia.Test.csproj", "{E175C789-2688-4A4A-B141-4DA9F6145224}"
EndProject
Global
	GlobalSection(SolutionConfigurationPlatforms) = preSolution
		Debug|Any CPU = Debug|Any CPU
		Debug|x64 = Debug|x64
		Debug|x86 = Debug|x86
		Release|Any CPU = Release|Any CPU
		Release|x64 = Release|x64
		Release|x86 = Release|x86
	EndGlobalSection
	GlobalSection(SolutionProperties) = preSolution
		HideSolutionNode = FALSE
	EndGlobalSection
	GlobalSection(ProjectConfigurationPlatforms) = postSolution
		{B9913C8F-B652-4D1F-B9A1-54884791F237}.Debug|Any CPU.ActiveCfg = Debug|Any CPU
		{B9913C8F-B652-4D1F-B9A1-54884791F237}.Debug|Any CPU.Build.0 = Debug|Any CPU
		{B9913C8F-B652-4D1F-B9A1-54884791F237}.Debug|x64.ActiveCfg = Debug|Any CPU
		{B9913C8F-B652-4D1F-B9A1-54884791F237}.Debug|x64.Build.0 = Debug|Any CPU
		{B9913C8F-B652-4D1F-B9A1-54884791F237}.Debug|x86.ActiveCfg = Debug|Any CPU
		{B9913C8F-B652-4D1F-B9A1-54884791F237}.Debug|x86.Build.0 = Debug|Any CPU
		{B9913C8F-B652-4D1F-B9A1-54884791F237}.Release|Any CPU.ActiveCfg = Release|Any CPU
		{B9913C8F-B652-4D1F-B9A1-54884791F237}.Release|Any CPU.Build.0 = Release|Any CPU
		{B9913C8F-B652-4D1F-B9A1-54884791F237}.Release|x64.ActiveCfg = Release|Any CPU
		{B9913C8F-B652-4D1F-B9A1-54884791F237}.Release|x64.Build.0 = Release|Any CPU
		{B9913C8F-B652-4D1F-B9A1-54884791F237}.Release|x86.ActiveCfg = Release|Any CPU
		{B9913C8F-B652-4D1F-B9A1-54884791F237}.Release|x86.Build.0 = Release|Any CPU
		{E175C789-2688-4A4A-B141-4DA9F6145224}.Debug|Any CPU.ActiveCfg = Debug|Any CPU
		{E175C789-2688-4A4A-B141-4DA9F6145224}.Debug|Any CPU.Build.0 = Debug|Any CPU
		{E175C789-2688-4A4A-B141-4DA9F6145224}.Debug|x64.ActiveCfg = Debug|Any CPU
		{E175C789-2688-4A4A-B141-4DA9F6145224}.Debug|x64.Build.0 = Debug|Any CPU
		{E175C789-2688-4A4A-B141-4DA9F6145224}.Debug|x86.ActiveCfg = Debug|Any CPU
		{E175C789-2688-4A4A-B141-4DA9F6145224}.Debug|x86.Build.0 = Debug|Any CPU
		{E175C789-2688-4A4A-B141-4DA9F6145224}.Release|Any CPU.ActiveCfg = Release|Any CPU
		{E175C789-2688-4A4A-B141-4DA9F6145224}.Release|Any CPU.Build.0 = Release|Any CPU
		{E175C789-2688-4A4A-B141-4DA9F6145224}.Release|x64.ActiveCfg = Release|Any CPU
		{E175C789-2688-4A4A-B141-4DA9F6145224}.Release|x64.Build.0 = Release|Any CPU
		{E175C789-2688-4A4A-B141-4DA9F6145224}.Release|x86.ActiveCfg = Release|Any CPU
		{E175C789-2688-4A4A-B141-4DA9F6145224}.Release|x86.Build.0 = Release|Any CPU
	EndGlobalSection
EndGlobal
